<?xml version="1.0" encoding="utf-8"?>
<Project ToolsVersion="4.0" xmlns="http://schemas.microsoft.com/developer/msbuild/2003">
  <ItemGroup>
    <Filter Include="Source Files">
      <UniqueIdentifier>{96c43a49-9c86-4bcd-891d-75e6fffb3fca}</UniqueIdentifier>
      <Extensions>cpp;c;cxx;rc;def;r;odl;idl;hpj;bat</Extensions>
    </Filter>
    <Filter Include="Header Files">
      <UniqueIdentifier>{4c1788c7-2f63-4f93-aba2-de2f498fc876}</UniqueIdentifier>
      <Extensions>h;hpp;hxx;hm;inl</Extensions>
    </Filter>
  </ItemGroup>
  <ItemGroup>
    <ClCompile Include="..\liba52\bit_allocate.c">
      <Filter>Source Files</Filter>
    </ClCompile>
    <ClCompile Include="..\liba52\bitstream.c">
      <Filter>Source Files</Filter>
    </ClCompile>
    <ClCompile Include="..\liba52\downmix.c">
      <Filter>Source Files</Filter>
    </ClCompile>
    <ClCompile Include="..\liba52\imdct.c">
      <Filter>Source Files</Filter>
    </ClCompile>
    <ClCompile Include="..\liba52\parse.c">
      <Filter>Source Files</Filter>
    </ClCompile>
  </ItemGroup>
  <ItemGroup>
    <ClInclude Include="..\include\a52.h">
      <Filter>Header Files</Filter>
    </ClInclude>
    <ClInclude Include="..\liba52\a52_internal.h">
      <Filter>Header Files</Filter>
    </ClInclude>
    <ClInclude Include="..\liba52\bitstream.h">
      <Filter>Header Files</Filter>
    </ClInclude>
    <ClInclude Include="..\liba52\tables.h">
      <Filter>Header Files</Filter>
    </ClInclude>
  </ItemGroup>
</Project>