
Microsoft Visual Studio Solution File, Format Version 12.00
# Visual Studio Version 17
VisualStudioVersion = 17.2.32505.173
MinimumVisualStudioVersion = 10.0.40219.1
Project("{8BC9CEB8-8B4A-11D0-8D11-00A0C91BC942}") = "example_static", "example_static\example_static.vcxproj", "{BA4B0576-02B0-4214-A88F-0BE15F645616}"
EndProject
Project("{8BC9CEB8-8B4A-11D0-8D11-00A0C91BC942}") = "libzplay_dynamic", "libzplay_dynamic\libzplay_dynamic.vcxproj", "{BFC588B1-34DB-4D8A-9B11-5C89F5F8F0EB}"
EndProject
Project("{8BC9CEB8-8B4A-11D0-8D11-00A0C91BC942}") = "libzplay_pf_dynamic", "libzplay_pf_dynamic\libzplay_pf_dynamic.vcxproj", "{3CC69727-D00C-4879-8268-4B0D0828B285}"
EndProject
Project("{8BC9CEB8-8B4A-11D0-8D11-00A0C91BC942}") = "libzplay_pf_static", "libzplay_pf_static\libzplay_pf_static.vcxproj", "{8192E7CF-F0DB-4A10-9360-4F27AC6D247E}"
EndProject
Project("{8BC9CEB8-8B4A-11D0-8D11-00A0C91BC942}") = "libzplay_static", "libzplay_static\libzplay_static.vcxproj", "{D26F92E4-90F2-4A67-8179-AF4AE1FD8180}"
EndProject
Global
	GlobalSection(SolutionConfigurationPlatforms) = preSolution
		Debug|Win32 = Debug|Win32
		Release|Win32 = Release|Win32
	EndGlobalSection
	GlobalSection(ProjectConfigurationPlatforms) = postSolution
		{BA4B0576-02B0-4214-A88F-0BE15F645616}.Debug|Win32.ActiveCfg = Debug|Win32
		{BA4B0576-02B0-4214-A88F-0BE15F645616}.Debug|Win32.Build.0 = Debug|Win32
		{BA4B0576-02B0-4214-A88F-0BE15F645616}.Release|Win32.ActiveCfg = Release|Win32
		{BA4B0576-02B0-4214-A88F-0BE15F645616}.Release|Win32.Build.0 = Release|Win32
		{BFC588B1-34DB-4D8A-9B11-5C89F5F8F0EB}.Debug|Win32.ActiveCfg = Debug|Win32
		{BFC588B1-34DB-4D8A-9B11-5C89F5F8F0EB}.Debug|Win32.Build.0 = Debug|Win32
		{BFC588B1-34DB-4D8A-9B11-5C89F5F8F0EB}.Release|Win32.ActiveCfg = Release|Win32
		{BFC588B1-34DB-4D8A-9B11-5C89F5F8F0EB}.Release|Win32.Build.0 = Release|Win32
		{3CC69727-D00C-4879-8268-4B0D0828B285}.Debug|Win32.ActiveCfg = Debug|Win32
		{3CC69727-D00C-4879-8268-4B0D0828B285}.Debug|Win32.Build.0 = Debug|Win32
		{3CC69727-D00C-4879-8268-4B0D0828B285}.Release|Win32.ActiveCfg = Release|Win32
		{3CC69727-D00C-4879-8268-4B0D0828B285}.Release|Win32.Build.0 = Release|Win32
		{8192E7CF-F0DB-4A10-9360-4F27AC6D247E}.Debug|Win32.ActiveCfg = Debug|Win32
		{8192E7CF-F0DB-4A10-9360-4F27AC6D247E}.Debug|Win32.Build.0 = Debug|Win32
		{8192E7CF-F0DB-4A10-9360-4F27AC6D247E}.Release|Win32.ActiveCfg = Release|Win32
		{8192E7CF-F0DB-4A10-9360-4F27AC6D247E}.Release|Win32.Build.0 = Release|Win32
		{D26F92E4-90F2-4A67-8179-AF4AE1FD8180}.Debug|Win32.ActiveCfg = Debug|Win32
		{D26F92E4-90F2-4A67-8179-AF4AE1FD8180}.Debug|Win32.Build.0 = Debug|Win32
		{D26F92E4-90F2-4A67-8179-AF4AE1FD8180}.Release|Win32.ActiveCfg = Release|Win32
		{D26F92E4-90F2-4A67-8179-AF4AE1FD8180}.Release|Win32.Build.0 = Release|Win32
	EndGlobalSection
	GlobalSection(SolutionProperties) = preSolution
		HideSolutionNode = FALSE
	EndGlobalSection
	GlobalSection(ExtensibilityGlobals) = postSolution
		SolutionGuid = {38CC38E7-620A-4F5D-8CC0-7F5DEA321E52}
	EndGlobalSection
EndGlobal
